
Microsoft Visual Studio Solution File, Format Version 12.00
# Visual Studio Version 16
VisualStudioVersion = 16.0.31515.178
MinimumVisualStudioVersion = 10.0.40219.1
Project("{FAE04EC0-301F-11D3-BF4B-00C04F79EFBC}") = "DesktopAgentWpf", "DesktopAgentWpf\DesktopAgentWpf.csproj", "{BE96E372-DAE3-4ECC-AF5C-EEC3C7B8A9A0}"
EndProject
Global
	GlobalSection(SolutionConfigurationPlatforms) = preSolution
		Debug|Any CPU = Debug|Any CPU
		Release|Any CPU = Release|Any CPU
	EndGlobalSection
	GlobalSection(ProjectConfigurationPlatforms) = postSolution
		{BE96E372-DAE3-4ECC-AF5C-EEC3C7B8A9A0}.Debug|Any CPU.ActiveCfg = Debug|Any CPU
		{BE96E372-DAE3-4ECC-AF5C-EEC3C7B8A9A0}.Debug|Any CPU.Build.0 = Debug|Any CPU
		{BE96E372-DAE3-4ECC-AF5C-EEC3C7B8A9A0}.Release|Any CPU.ActiveCfg = Release|Any CPU
		{BE96E372-DAE3-4ECC-AF5C-EEC3C7B8A9A0}.Release|Any CPU.Build.0 = Release|Any CPU
	EndGlobalSection
	GlobalSection(SolutionProperties) = preSolution
		HideSolutionNode = FALSE
	EndGlobalSection
	GlobalSection(ExtensibilityGlobals) = postSolution
		SolutionGuid = {CAF9263E-5F60-44D2-901D-2F62B10FCD03}
	EndGlobalSection
EndGlobal
